
Microsoft Visual Studio Solution File, Format Version 12.00
# Visual Studio Version 16
VisualStudioVersion = 16.0.31025.194
MinimumVisualStudioVersion = 10.0.40219.1
Project("{9A19103F-16F7-4668-BE54-9A1E7A4F7556}") = "Hyms.Api", "Hyms.Api\Hyms.Api.csproj", "{DCF64113-38B7-4530-AB88-E932D93C9345}"
EndProject
Project("{2150E333-8FDC-42A3-9474-1A3956D46DE8}") = "src", "src", "{F0A96F3D-8F91-4791-AD6A-FED0989572E6}"
EndProject
Project("{2150E333-8FDC-42A3-9474-1A3956D46DE8}") = "tests", "tests", "{633CC372-5EB1-474A-8899-40A09F381E8F}"
EndProject
Project("{9A19103F-16F7-4668-BE54-9A1E7A4F7556}") = "Hyms.Data.Model", "Hyms.Data.Model\Hyms.Data.Model.csproj", "{744C1049-08D0-4966-B516-09A4BE17598E}"
EndProject
Project("{9A19103F-16F7-4668-BE54-9A1E7A4F7556}") = "Hyms.Data.Access", "Hyms.Data.Access\Hyms.Data.Access.csproj", "{8BE85565-9650-4F17-90B9-3C4234A700B1}"
EndProject
Project("{9A19103F-16F7-4668-BE54-9A1E7A4F7556}") = "Hyms.Security", "Hyms.Security\Hyms.Security.csproj", "{2C2F8A38-EC53-4EFC-A6E4-8ACA91A34244}"
EndProject
Project("{9A19103F-16F7-4668-BE54-9A1E7A4F7556}") = "Hyms.Queries", "Hyms.Queries\Hyms.Queries.csproj", "{D5758A0D-2FA2-4F91-AF79-322BC14B1460}"
EndProject
Project("{9A19103F-16F7-4668-BE54-9A1E7A4F7556}") = "Hyms.Api.Model", "Hyms.Api.Model\Hyms.Api.Model.csproj", "{B646A354-8E3C-4871-9EFC-4A21555FBB8B}"
EndProject
Project("{9A19103F-16F7-4668-BE54-9A1E7A4F7556}") = "Hyms.Queries.Tests", "Hyms.Queries.Tests\Hyms.Queries.Tests.csproj", "{D215E39F-7585-4567-BAA0-70420D8A3C73}"
EndProject
Project("{9A19103F-16F7-4668-BE54-9A1E7A4F7556}") = "Hyms.Api.Common", "Hyms.Api.Common\Hyms.Api.Common.csproj", "{2D6840EC-F211-4B23-B996-76F5C2D4C0FD}"
EndProject
Project("{2150E333-8FDC-42A3-9474-1A3956D46DE8}") = "documentation", "documentation", "{8A8B1035-046C-4166-B675-EE61823ADF7A}"
	ProjectSection(SolutionItems) = preProject
		TextFile1.txt = TextFile1.txt
	EndProjectSection
EndProject
Project("{FAE04EC0-301F-11D3-BF4B-00C04F79EFBC}") = "Hyms.Api.IntegrationTests", "Hyms.Api.IntegrationTests\Hyms.Api.IntegrationTests.csproj", "{3F0B7A3E-4330-4C76-BD5A-188267FF0A85}"
EndProject
Global
	GlobalSection(SolutionConfigurationPlatforms) = preSolution
		Debug|Any CPU = Debug|Any CPU
		Release|Any CPU = Release|Any CPU
	EndGlobalSection
	GlobalSection(ProjectConfigurationPlatforms) = postSolution
		{DCF64113-38B7-4530-AB88-E932D93C9345}.Debug|Any CPU.ActiveCfg = Debug|Any CPU
		{DCF64113-38B7-4530-AB88-E932D93C9345}.Debug|Any CPU.Build.0 = Debug|Any CPU
		{DCF64113-38B7-4530-AB88-E932D93C9345}.Release|Any CPU.ActiveCfg = Release|Any CPU
		{DCF64113-38B7-4530-AB88-E932D93C9345}.Release|Any CPU.Build.0 = Release|Any CPU
		{744C1049-08D0-4966-B516-09A4BE17598E}.Debug|Any CPU.ActiveCfg = Debug|Any CPU
		{744C1049-08D0-4966-B516-09A4BE17598E}.Debug|Any CPU.Build.0 = Debug|Any CPU
		{744C1049-08D0-4966-B516-09A4BE17598E}.Release|Any CPU.ActiveCfg = Release|Any CPU
		{744C1049-08D0-4966-B516-09A4BE17598E}.Release|Any CPU.Build.0 = Release|Any CPU
		{8BE85565-9650-4F17-90B9-3C4234A700B1}.Debug|Any CPU.ActiveCfg = Debug|Any CPU
		{8BE85565-9650-4F17-90B9-3C4234A700B1}.Debug|Any CPU.Build.0 = Debug|Any CPU
		{8BE85565-9650-4F17-90B9-3C4234A700B1}.Release|Any CPU.ActiveCfg = Release|Any CPU
		{8BE85565-9650-4F17-90B9-3C4234A700B1}.Release|Any CPU.Build.0 = Release|Any CPU
		{2C2F8A38-EC53-4EFC-A6E4-8ACA91A34244}.Debug|Any CPU.ActiveCfg = Debug|Any CPU
		{2C2F8A38-EC53-4EFC-A6E4-8ACA91A34244}.Debug|Any CPU.Build.0 = Debug|Any CPU
		{2C2F8A38-EC53-4EFC-A6E4-8ACA91A34244}.Release|Any CPU.ActiveCfg = Release|Any CPU
		{2C2F8A38-EC53-4EFC-A6E4-8ACA91A34244}.Release|Any CPU.Build.0 = Release|Any CPU
		{D5758A0D-2FA2-4F91-AF79-322BC14B1460}.Debug|Any CPU.ActiveCfg = Debug|Any CPU
		{D5758A0D-2FA2-4F91-AF79-322BC14B1460}.Debug|Any CPU.Build.0 = Debug|Any CPU
		{D5758A0D-2FA2-4F91-AF79-322BC14B1460}.Release|Any CPU.ActiveCfg = Release|Any CPU
		{D5758A0D-2FA2-4F91-AF79-322BC14B1460}.Release|Any CPU.Build.0 = Release|Any CPU
		{B646A354-8E3C-4871-9EFC-4A21555FBB8B}.Debug|Any CPU.ActiveCfg = Debug|Any CPU
		{B646A354-8E3C-4871-9EFC-4A21555FBB8B}.Debug|Any CPU.Build.0 = Debug|Any CPU
		{B646A354-8E3C-4871-9EFC-4A21555FBB8B}.Release|Any CPU.ActiveCfg = Release|Any CPU
		{B646A354-8E3C-4871-9EFC-4A21555FBB8B}.Release|Any CPU.Build.0 = Release|Any CPU
		{D215E39F-7585-4567-BAA0-70420D8A3C73}.Debug|Any CPU.ActiveCfg = Debug|Any CPU
		{D215E39F-7585-4567-BAA0-70420D8A3C73}.Debug|Any CPU.Build.0 = Debug|Any CPU
		{D215E39F-7585-4567-BAA0-70420D8A3C73}.Release|Any CPU.ActiveCfg = Release|Any CPU
		{D215E39F-7585-4567-BAA0-70420D8A3C73}.Release|Any CPU.Build.0 = Release|Any CPU
		{2D6840EC-F211-4B23-B996-76F5C2D4C0FD}.Debug|Any CPU.ActiveCfg = Debug|Any CPU
		{2D6840EC-F211-4B23-B996-76F5C2D4C0FD}.Debug|Any CPU.Build.0 = Debug|Any CPU
		{2D6840EC-F211-4B23-B996-76F5C2D4C0FD}.Release|Any CPU.ActiveCfg = Release|Any CPU
		{2D6840EC-F211-4B23-B996-76F5C2D4C0FD}.Release|Any CPU.Build.0 = Release|Any CPU
		{3F0B7A3E-4330-4C76-BD5A-188267FF0A85}.Debug|Any CPU.ActiveCfg = Debug|Any CPU
		{3F0B7A3E-4330-4C76-BD5A-188267FF0A85}.Debug|Any CPU.Build.0 = Debug|Any CPU
		{3F0B7A3E-4330-4C76-BD5A-188267FF0A85}.Release|Any CPU.ActiveCfg = Release|Any CPU
		{3F0B7A3E-4330-4C76-BD5A-188267FF0A85}.Release|Any CPU.Build.0 = Release|Any CPU
	EndGlobalSection
	GlobalSection(SolutionProperties) = preSolution
		HideSolutionNode = FALSE
	EndGlobalSection
	GlobalSection(NestedProjects) = preSolution
		{DCF64113-38B7-4530-AB88-E932D93C9345} = {F0A96F3D-8F91-4791-AD6A-FED0989572E6}
		{744C1049-08D0-4966-B516-09A4BE17598E} = {F0A96F3D-8F91-4791-AD6A-FED0989572E6}
		{8BE85565-9650-4F17-90B9-3C4234A700B1} = {F0A96F3D-8F91-4791-AD6A-FED0989572E6}
		{2C2F8A38-EC53-4EFC-A6E4-8ACA91A34244} = {F0A96F3D-8F91-4791-AD6A-FED0989572E6}
		{D5758A0D-2FA2-4F91-AF79-322BC14B1460} = {F0A96F3D-8F91-4791-AD6A-FED0989572E6}
		{B646A354-8E3C-4871-9EFC-4A21555FBB8B} = {F0A96F3D-8F91-4791-AD6A-FED0989572E6}
		{D215E39F-7585-4567-BAA0-70420D8A3C73} = {633CC372-5EB1-474A-8899-40A09F381E8F}
		{2D6840EC-F211-4B23-B996-76F5C2D4C0FD} = {F0A96F3D-8F91-4791-AD6A-FED0989572E6}
		{3F0B7A3E-4330-4C76-BD5A-188267FF0A85} = {633CC372-5EB1-474A-8899-40A09F381E8F}
	EndGlobalSection
	GlobalSection(ExtensibilityGlobals) = postSolution
		SolutionGuid = {E77B55E0-ADA4-44FB-BB69-6B3CC924AC02}
	EndGlobalSection
EndGlobal
